
Microsoft Visual Studio Solution File, Format Version 12.00
# Visual Studio Version 17
VisualStudioVersion = 17.4.33205.214
MinimumVisualStudioVersion = 10.0.40219.1
Project("{8BC9CEB8-8B4A-11D0-8D11-00A0C91BC942}") = "822", "822\822.vcxproj", "{E8682AB3-15A7-4529-828F-85A382A9184B}"
EndProject
Global
	GlobalSection(SolutionConfigurationPlatforms) = preSolution
		Debug|x64 = Debug|x64
		Debug|x86 = Debug|x86
		Release|x64 = Release|x64
		Release|x86 = Release|x86
	EndGlobalSection
	GlobalSection(ProjectConfigurationPlatforms) = postSolution
		{E8682AB3-15A7-4529-828F-85A382A9184B}.Debug|x64.ActiveCfg = Debug|x64
		{E8682AB3-15A7-4529-828F-85A382A9184B}.Debug|x64.Build.0 = Debug|x64
		{E8682AB3-15A7-4529-828F-85A382A9184B}.Debug|x86.ActiveCfg = Debug|Win32
		{E8682AB3-15A7-4529-828F-85A382A9184B}.Debug|x86.Build.0 = Debug|Win32
		{E8682AB3-15A7-4529-828F-85A382A9184B}.Release|x64.ActiveCfg = Release|x64
		{E8682AB3-15A7-4529-828F-85A382A9184B}.Release|x64.Build.0 = Release|x64
		{E8682AB3-15A7-4529-828F-85A382A9184B}.Release|x86.ActiveCfg = Release|Win32
		{E8682AB3-15A7-4529-828F-85A382A9184B}.Release|x86.Build.0 = Release|Win32
	EndGlobalSection
	GlobalSection(SolutionProperties) = preSolution
		HideSolutionNode = FALSE
	EndGlobalSection
	GlobalSection(ExtensibilityGlobals) = postSolution
		SolutionGuid = {F2C09458-2FB1-43C3-830F-797ADD7627B6}
	EndGlobalSection
EndGlobal
