
Microsoft Visual Studio Solution File, Format Version 12.00
# Visual Studio Version 17
VisualStudioVersion = 17.4.33205.214
MinimumVisualStudioVersion = 10.0.40219.1
Project("{8BC9CEB8-8B4A-11D0-8D11-00A0C91BC942}") = "T823", "T823\T823.vcxproj", "{DE3267A5-01B8-42C0-A77D-C29659CA219C}"
EndProject
Global
	GlobalSection(SolutionConfigurationPlatforms) = preSolution
		Debug|x64 = Debug|x64
		Debug|x86 = Debug|x86
		Release|x64 = Release|x64
		Release|x86 = Release|x86
	EndGlobalSection
	GlobalSection(ProjectConfigurationPlatforms) = postSolution
		{DE3267A5-01B8-42C0-A77D-C29659CA219C}.Debug|x64.ActiveCfg = Debug|x64
		{DE3267A5-01B8-42C0-A77D-C29659CA219C}.Debug|x64.Build.0 = Debug|x64
		{DE3267A5-01B8-42C0-A77D-C29659CA219C}.Debug|x86.ActiveCfg = Debug|Win32
		{DE3267A5-01B8-42C0-A77D-C29659CA219C}.Debug|x86.Build.0 = Debug|Win32
		{DE3267A5-01B8-42C0-A77D-C29659CA219C}.Release|x64.ActiveCfg = Release|x64
		{DE3267A5-01B8-42C0-A77D-C29659CA219C}.Release|x64.Build.0 = Release|x64
		{DE3267A5-01B8-42C0-A77D-C29659CA219C}.Release|x86.ActiveCfg = Release|Win32
		{DE3267A5-01B8-42C0-A77D-C29659CA219C}.Release|x86.Build.0 = Release|Win32
	EndGlobalSection
	GlobalSection(SolutionProperties) = preSolution
		HideSolutionNode = FALSE
	EndGlobalSection
	GlobalSection(ExtensibilityGlobals) = postSolution
		SolutionGuid = {4FD5A525-78F1-4122-A203-B2A3550B6ECF}
	EndGlobalSection
EndGlobal
